// !$*UTF8*$!
{
	archiveVersion = 1;
	classes = {
	};
	objectVersion = 46;
	objects = {

/* Begin PBXBuildFile section */
		024755CE1CF4F458000361C9 /* AppDelegate.swift in Sources */ = {isa = PBXBuildFile; fileRef = 024755C61CF4F458000361C9 /* AppDelegate.swift */; };
		024755CF1CF4F458000361C9 /* Info.plist in Resources */ = {isa = PBXBuildFile; fileRef = 024755C71CF4F458000361C9 /* Info.plist */; };
		024755D01CF4F458000361C9 /* Playlist.swift in Sources */ = {isa = PBXBuildFile; fileRef = 024755C81CF4F458000361C9 /* Playlist.swift */; };
		024755D11CF4F458000361C9 /* PlaylistController.swift in Sources */ = {isa = PBXBuildFile; fileRef = 024755C91CF4F458000361C9 /* PlaylistController.swift */; };
		024755D21CF4F458000361C9 /* PlaylistTableViewController.swift in Sources */ = {isa = PBXBuildFile; fileRef = 024755CA1CF4F458000361C9 /* PlaylistTableViewController.swift */; };
		024755D31CF4F458000361C9 /* Song.swift in Sources */ = {isa = PBXBuildFile; fileRef = 024755CB1CF4F458000361C9 /* Song.swift */; };
		024755D41CF4F458000361C9 /* SongController.swift in Sources */ = {isa = PBXBuildFile; fileRef = 024755CC1CF4F458000361C9 /* SongController.swift */; };
		024755D51CF4F458000361C9 /* SongTableViewController.swift in Sources */ = {isa = PBXBuildFile; fileRef = 024755CD1CF4F458000361C9 /* SongTableViewController.swift */; };
		024755D71CF4F461000361C9 /* Assets.xcassets in Resources */ = {isa = PBXBuildFile; fileRef = 024755D61CF4F461000361C9 /* Assets.xcassets */; };
		024755DC1CF4F46D000361C9 /* LaunchScreen.storyboard in Resources */ = {isa = PBXBuildFile; fileRef = 024755D81CF4F46D000361C9 /* LaunchScreen.storyboard */; };
		024755DD1CF4F46D000361C9 /* Main.storyboard in Resources */ = {isa = PBXBuildFile; fileRef = 024755DA1CF4F46D000361C9 /* Main.storyboard */; };
		024755E41CF5F73A000361C9 /* Stack.swift in Sources */ = {isa = PBXBuildFile; fileRef = 024755E31CF5F73A000361C9 /* Stack.swift */; };
/* End PBXBuildFile section */

/* Begin PBXFileReference section */
		024755C61CF4F458000361C9 /* AppDelegate.swift */ = {isa = PBXFileReference; fileEncoding = 4; lastKnownFileType = sourcecode.swift; name = AppDelegate.swift; path = PlaylistCoreData/AppDelegate.swift; sourceTree = SOURCE_ROOT; };
		024755C71CF4F458000361C9 /* Info.plist */ = {isa = PBXFileReference; fileEncoding = 4; lastKnownFileType = text.plist.xml; name = Info.plist; path = PlaylistCoreData/Info.plist; sourceTree = SOURCE_ROOT; };
		024755C81CF4F458000361C9 /* Playlist.swift */ = {isa = PBXFileReference; fileEncoding = 4; lastKnownFileType = sourcecode.swift; name = Playlist.swift; path = PlaylistCoreData/Playlist.swift; sourceTree = SOURCE_ROOT; };
		024755C91CF4F458000361C9 /* PlaylistController.swift */ = {isa = PBXFileReference; fileEncoding = 4; lastKnownFileType = sourcecode.swift; name = PlaylistController.swift; path = PlaylistCoreData/PlaylistController.swift; sourceTree = SOURCE_ROOT; };
		024755CA1CF4F458000361C9 /* PlaylistTableViewController.swift */ = {isa = PBXFileReference; fileEncoding = 4; lastKnownFileType = sourcecode.swift; name = PlaylistTableViewController.swift; path = PlaylistCoreData/PlaylistTableViewController.swift; sourceTree = SOURCE_ROOT; };
		024755CB1CF4F458000361C9 /* Song.swift */ = {isa = PBXFileReference; fileEncoding = 4; lastKnownFileType = sourcecode.swift; name = Song.swift; path = PlaylistCoreData/Song.swift; sourceTree = SOURCE_ROOT; };
		024755CC1CF4F458000361C9 /* SongController.swift */ = {isa = PBXFileReference; fileEncoding = 4; lastKnownFileType = sourcecode.swift; name = SongController.swift; path = PlaylistCoreData/SongController.swift; sourceTree = SOURCE_ROOT; };
		024755CD1CF4F458000361C9 /* SongTableViewController.swift */ = {isa = PBXFileReference; fileEncoding = 4; lastKnownFileType = sourcecode.swift; name = SongTableViewController.swift; path = PlaylistCoreData/SongTableViewController.swift; sourceTree = SOURCE_ROOT; };
		024755D61CF4F461000361C9 /* Assets.xcassets */ = {isa = PBXFileReference; lastKnownFileType = folder.assetcatalog; name = Assets.xcassets; path = PlaylistCoreData/Assets.xcassets; sourceTree = SOURCE_ROOT; };
		024755D91CF4F46D000361C9 /* Base */ = {isa = PBXFileReference; lastKnownFileType = file.storyboard; name = Base; path = PlaylistCoreData/Base.lproj/LaunchScreen.storyboard; sourceTree = SOURCE_ROOT; };
		024755DB1CF4F46D000361C9 /* Base */ = {isa = PBXFileReference; lastKnownFileType = file.storyboard; name = Base; path = PlaylistCoreData/Base.lproj/Main.storyboard; sourceTree = SOURCE_ROOT; };
		024755E31CF5F73A000361C9 /* Stack.swift */ = {isa = PBXFileReference; fileEncoding = 4; lastKnownFileType = sourcecode.swift; path = Stack.swift; sourceTree = SOURCE_ROOT; };
		1AFCF6031CDAAC93006D2F3D /* PlaylistCoreData.app */ = {isa = PBXFileReference; explicitFileType = wrapper.application; includeInIndex = 0; path = PlaylistCoreData.app; sourceTree = BUILT_PRODUCTS_DIR; };
/* End PBXFileReference section */

/* Begin PBXFrameworksBuildPhase section */
		1AFCF6001CDAAC93006D2F3D /* Frameworks */ = {
			isa = PBXFrameworksBuildPhase;
			buildActionMask = 2147483647;
			files = (
			);
			runOnlyForDeploymentPostprocessing = 0;
		};
/* End PBXFrameworksBuildPhase section */

/* Begin PBXGroup section */
		024755DE1CF4F473000361C9 /* Storyboards */ = {
			isa = PBXGroup;
			children = (
				024755DA1CF4F46D000361C9 /* Main.storyboard */,
				024755D81CF4F46D000361C9 /* LaunchScreen.storyboard */,
			);
			name = Storyboards;
			sourceTree = "<group>";
		};
		024755DF1CF4F482000361C9 /* Other */ = {
			isa = PBXGroup;
			children = (
				024755E31CF5F73A000361C9 /* Stack.swift */,
				024755C61CF4F458000361C9 /* AppDelegate.swift */,
				024755C71CF4F458000361C9 /* Info.plist */,
				024755D61CF4F461000361C9 /* Assets.xcassets */,
			);
			name = Other;
			sourceTree = "<group>";
		};
		024755E01CF4F489000361C9 /* Model Objects */ = {
			isa = PBXGroup;
			children = (
				024755C81CF4F458000361C9 /* Playlist.swift */,
				024755CB1CF4F458000361C9 /* Song.swift */,
			);
			name = "Model Objects";
			sourceTree = "<group>";
		};
		024755E11CF4F492000361C9 /* Controllers */ = {
			isa = PBXGroup;
			children = (
				024755C91CF4F458000361C9 /* PlaylistController.swift */,
				024755CC1CF4F458000361C9 /* SongController.swift */,
			);
			name = Controllers;
			sourceTree = "<group>";
		};
		024755E21CF4F49A000361C9 /* View Controllers */ = {
			isa = PBXGroup;
			children = (
				024755CA1CF4F458000361C9 /* PlaylistTableViewController.swift */,
				024755CD1CF4F458000361C9 /* SongTableViewController.swift */,
			);
			name = "View Controllers";
			sourceTree = "<group>";
		};
		1AFCF5FA1CDAAC93006D2F3D = {
			isa = PBXGroup;
			children = (
				1AFCF6051CDAAC93006D2F3D /* PlaylistCoreData */,
				1AFCF6041CDAAC93006D2F3D /* Products */,
			);
			sourceTree = "<group>";
		};
		1AFCF6041CDAAC93006D2F3D /* Products */ = {
			isa = PBXGroup;
			children = (
				1AFCF6031CDAAC93006D2F3D /* PlaylistCoreData.app */,
			);
			name = Products;
			sourceTree = "<group>";
		};
		1AFCF6051CDAAC93006D2F3D /* PlaylistCoreData */ = {
			isa = PBXGroup;
			children = (
				024755DE1CF4F473000361C9 /* Storyboards */,
				024755E21CF4F49A000361C9 /* View Controllers */,
				024755E01CF4F489000361C9 /* Model Objects */,
				024755E11CF4F492000361C9 /* Controllers */,
				024755DF1CF4F482000361C9 /* Other */,
			);
			name = PlaylistCoreData;
			path = PlaylistNSUserDefaults;
			sourceTree = "<group>";
		};
/* End PBXGroup section */

/* Begin PBXNativeTarget section */
		1AFCF6021CDAAC93006D2F3D /* PlaylistCoreData */ = {
			isa = PBXNativeTarget;
			buildConfigurationList = 1AFCF6151CDAAC93006D2F3D /* Build configuration list for PBXNativeTarget "PlaylistCoreData" */;
			buildPhases = (
				1AFCF5FF1CDAAC93006D2F3D /* Sources */,
				1AFCF6001CDAAC93006D2F3D /* Frameworks */,
				1AFCF6011CDAAC93006D2F3D /* Resources */,
			);
			buildRules = (
			);
			dependencies = (
			);
			name = PlaylistCoreData;
			productName = PlaylistNSUserDefaults;
			productReference = 1AFCF6031CDAAC93006D2F3D /* PlaylistCoreData.app */;
			productType = "com.apple.product-type.application";
		};
/* End PBXNativeTarget section */

/* Begin PBXProject section */
		1AFCF5FB1CDAAC93006D2F3D /* Project object */ = {
			isa = PBXProject;
			attributes = {
				LastSwiftUpdateCheck = 0730;
				LastUpgradeCheck = 0730;
				ORGANIZATIONNAME = DevMountain;
				TargetAttributes = {
					1AFCF6021CDAAC93006D2F3D = {
						CreatedOnToolsVersion = 7.3;
					};
				};
			};
			buildConfigurationList = 1AFCF5FE1CDAAC93006D2F3D /* Build configuration list for PBXProject "PlaylistCoreData" */;
			compatibilityVersion = "Xcode 3.2";
			developmentRegion = English;
			hasScannedForEncodings = 0;
			knownRegions = (
				en,
				Base,
			);
			mainGroup = 1AFCF5FA1CDAAC93006D2F3D;
			productRefGroup = 1AFCF6041CDAAC93006D2F3D /* Products */;
			projectDirPath = "";
			projectRoot = "";
			targets = (
				1AFCF6021CDAAC93006D2F3D /* PlaylistCoreData */,
			);
		};
/* End PBXProject section */

/* Begin PBXResourcesBuildPhase section */
		1AFCF6011CDAAC93006D2F3D /* Resources */ = {
			isa = PBXResourcesBuildPhase;
			buildActionMask = 2147483647;
			files = (
				024755DC1CF4F46D000361C9 /* LaunchScreen.storyboard in Resources */,
				024755D71CF4F461000361C9 /* Assets.xcassets in Resources */,
				024755CF1CF4F458000361C9 /* Info.plist in Resources */,
				024755DD1CF4F46D000361C9 /* Main.storyboard in Resources */,
			);
			runOnlyForDeploymentPostprocessing = 0;
		};
/* End PBXResourcesBuildPhase section */

/* Begin PBXSourcesBuildPhase section */
		1AFCF5FF1CDAAC93006D2F3D /* Sources */ = {
			isa = PBXSourcesBuildPhase;
			buildActionMask = 2147483647;
			files = (
				024755D41CF4F458000361C9 /* SongController.swift in Sources */,
				024755D51CF4F458000361C9 /* SongTableViewController.swift in Sources */,
				024755CE1CF4F458000361C9 /* AppDelegate.swift in Sources */,
				024755D01CF4F458000361C9 /* Playlist.swift in Sources */,
				024755E41CF5F73A000361C9 /* Stack.swift in Sources */,
				024755D11CF4F458000361C9 /* PlaylistController.swift in Sources */,
				024755D21CF4F458000361C9 /* PlaylistTableViewController.swift in Sources */,
				024755D31CF4F458000361C9 /* Song.swift in Sources */,
			);
			runOnlyForDeploymentPostprocessing = 0;
		};
/* End PBXSourcesBuildPhase section */

/* Begin PBXVariantGroup section */
		024755D81CF4F46D000361C9 /* LaunchScreen.storyboard */ = {
			isa = PBXVariantGroup;
			children = (
				024755D91CF4F46D000361C9 /* Base */,
			);
			name = LaunchScreen.storyboard;
			sourceTree = "<group>";
		};
		024755DA1CF4F46D000361C9 /* Main.storyboard */ = {
			isa = PBXVariantGroup;
			children = (
				024755DB1CF4F46D000361C9 /* Base */,
			);
			name = Main.storyboard;
			sourceTree = "<group>";
		};
/* End PBXVariantGroup section */

/* Begin XCBuildConfiguration section */
		1AFCF6131CDAAC93006D2F3D /* Debug */ = {
			isa = XCBuildConfiguration;
			buildSettings = {
				ALWAYS_SEARCH_USER_PATHS = NO;
				CLANG_ANALYZER_NONNULL = YES;
				CLANG_CXX_LANGUAGE_STANDARD = "gnu++0x";
				CLANG_CXX_LIBRARY = "libc++";
				CLANG_ENABLE_MODULES = YES;
				CLANG_ENABLE_OBJC_ARC = YES;
				CLANG_WARN_BOOL_CONVERSION = YES;
				CLANG_WARN_CONSTANT_CONVERSION = YES;
				CLANG_WARN_DIRECT_OBJC_ISA_USAGE = YES_ERROR;
				CLANG_WARN_EMPTY_BODY = YES;
				CLANG_WARN_ENUM_CONVERSION = YES;
				CLANG_WARN_INT_CONVERSION = YES;
				CLANG_WARN_OBJC_ROOT_CLASS = YES_ERROR;
				CLANG_WARN_UNREACHABLE_CODE = YES;
				CLANG_WARN__DUPLICATE_METHOD_MATCH = YES;
				"CODE_SIGN_IDENTITY[sdk=iphoneos*]" = "iPhone Developer";
				COPY_PHASE_STRIP = NO;
				DEBUG_INFORMATION_FORMAT = dwarf;
				ENABLE_STRICT_OBJC_MSGSEND = YES;
				ENABLE_TESTABILITY = YES;
				GCC_C_LANGUAGE_STANDARD = gnu99;
				GCC_DYNAMIC_NO_PIC = NO;
				GCC_NO_COMMON_BLOCKS = YES;
				GCC_OPTIMIZATION_LEVEL = 0;
				GCC_PREPROCESSOR_DEFINITIONS = (
					"DEBUG=1",
					"$(inherited)",
				);
				GCC_WARN_64_TO_32_BIT_CONVERSION = YES;
				GCC_WARN_ABOUT_RETURN_TYPE = YES_ERROR;
				GCC_WARN_UNDECLARED_SELECTOR = YES;
				GCC_WARN_UNINITIALIZED_AUTOS = YES_AGGRESSIVE;
				GCC_WARN_UNUSED_FUNCTION = YES;
				GCC_WARN_UNUSED_VARIABLE = YES;
				IPHONEOS_DEPLOYMENT_TARGET = 9.3;
				MTL_ENABLE_DEBUG_INFO = YES;
				ONLY_ACTIVE_ARCH = YES;
				SDKROOT = iphoneos;
				SWIFT_OPTIMIZATION_LEVEL = "-Onone";
			};
			name = Debug;
		};
		1AFCF6141CDAAC93006D2F3D /* Release */ = {
			isa = XCBuildConfiguration;
			buildSettings = {
				ALWAYS_SEARCH_USER_PATHS = NO;
				CLANG_ANALYZER_NONNULL = YES;
				CLANG_CXX_LANGUAGE_STANDARD = "gnu++0x";
				CLANG_CXX_LIBRARY = "libc++";
				CLANG_ENABLE_MODULES = YES;
				CLANG_ENABLE_OBJC_ARC = YES;
				CLANG_WARN_BOOL_CONVERSION = YES;
				CLANG_WARN_CONSTANT_CONVERSION = YES;
				CLANG_WARN_DIRECT_OBJC_ISA_USAGE = YES_ERROR;
				CLANG_WARN_EMPTY_BODY = YES;
				CLANG_WARN_ENUM_CONVERSION = YES;
				CLANG_WARN_INT_CONVERSION = YES;
				CLANG_WARN_OBJC_ROOT_CLASS = YES_ERROR;
				CLANG_WARN_UNREACHABLE_CODE = YES;
				CLANG_WARN__DUPLICATE_METHOD_MATCH = YES;
				"CODE_SIGN_IDENTITY[sdk=iphoneos*]" = "iPhone Developer";
				COPY_PHASE_STRIP = NO;
				DEBUG_INFORMATION_FORMAT = "dwarf-with-dsym";
				ENABLE_NS_ASSERTIONS = NO;
				ENABLE_STRICT_OBJC_MSGSEND = YES;
				GCC_C_LANGUAGE_STANDARD = gnu99;
				GCC_NO_COMMON_BLOCKS = YES;
				GCC_WARN_64_TO_32_BIT_CONVERSION = YES;
				GCC_WARN_ABOUT_RETURN_TYPE = YES_ERROR;
				GCC_WARN_UNDECLARED_SELECTOR = YES;
				GCC_WARN_UNINITIALIZED_AUTOS = YES_AGGRESSIVE;
				GCC_WARN_UNUSED_FUNCTION = YES;
				GCC_WARN_UNUSED_VARIABLE = YES;
				IPHONEOS_DEPLOYMENT_TARGET = 9.3;
				MTL_ENABLE_DEBUG_INFO = NO;
				SDKROOT = iphoneos;
				VALIDATE_PRODUCT = YES;
			};
			name = Release;
		};
		1AFCF6161CDAAC93006D2F3D /* Debug */ = {
			isa = XCBuildConfiguration;
			buildSettings = {
				ASSETCATALOG_COMPILER_APPICON_NAME = AppIcon;
				CLANG_ENABLE_MODULES = YES;
				INFOPLIST_FILE = PlaylistCoreData/Info.plist;
				LD_RUNPATH_SEARCH_PATHS = "$(inherited) @executable_path/Frameworks";
				PRODUCT_BUNDLE_IDENTIFIER = com.devmountain.PlaylistNSUserDefaults;
				PRODUCT_NAME = PlaylistCoreData;
				SWIFT_OPTIMIZATION_LEVEL = "-Onone";
			};
			name = Debug;
		};
		1AFCF6171CDAAC93006D2F3D /* Release */ = {
			isa = XCBuildConfiguration;
			buildSettings = {
				ASSETCATALOG_COMPILER_APPICON_NAME = AppIcon;
				CLANG_ENABLE_MODULES = YES;
				INFOPLIST_FILE = PlaylistCoreData/Info.plist;
				LD_RUNPATH_SEARCH_PATHS = "$(inherited) @executable_path/Frameworks";
				PRODUCT_BUNDLE_IDENTIFIER = com.devmountain.PlaylistNSUserDefaults;
				PRODUCT_NAME = PlaylistCoreData;
			};
			name = Release;
		};
/* End XCBuildConfiguration section */

/* Begin XCConfigurationList section */
		1AFCF5FE1CDAAC93006D2F3D /* Build configuration list for PBXProject "PlaylistCoreData" */ = {
			isa = XCConfigurationList;
			buildConfigurations = (
				1AFCF6131CDAAC93006D2F3D /* Debug */,
				1AFCF6141CDAAC93006D2F3D /* Release */,
			);
			defaultConfigurationIsVisible = 0;
			defaultConfigurationName = Release;
		};
		1AFCF6151CDAAC93006D2F3D /* Build configuration list for PBXNativeTarget "PlaylistCoreData" */ = {
			isa = XCConfigurationList;
			buildConfigurations = (
				1AFCF6161CDAAC93006D2F3D /* Debug */,
				1AFCF6171CDAAC93006D2F3D /* Release */,
			);
			defaultConfigurationIsVisible = 0;
			defaultConfigurationName = Release;
		};
/* End XCConfigurationList section */
	};
	rootObject = 1AFCF5FB1CDAAC93006D2F3D /* Project object */;
}
